
Microsoft Visual Studio Solution File, Format Version 12.00
# Visual Studio Version 16
VisualStudioVersion = 16.0.32126.315
MinimumVisualStudioVersion = 10.0.40219.1
Project("{8BC9CEB8-8B4A-11D0-8D11-00A0C91BC942}") = "Project1", "Project1\Project1.vcxproj", "{A1A42640-D3B1-4C7D-A815-2DE8CA1EA298}"
EndProject
Global
	GlobalSection(SolutionConfigurationPlatforms) = preSolution
		Debug|x64 = Debug|x64
		Debug|x86 = Debug|x86
		Release|x64 = Release|x64
		Release|x86 = Release|x86
	EndGlobalSection
	GlobalSection(ProjectConfigurationPlatforms) = postSolution
		{A1A42640-D3B1-4C7D-A815-2DE8CA1EA298}.Debug|x64.ActiveCfg = Debug|x64
		{A1A42640-D3B1-4C7D-A815-2DE8CA1EA298}.Debug|x64.Build.0 = Debug|x64
		{A1A42640-D3B1-4C7D-A815-2DE8CA1EA298}.Debug|x86.ActiveCfg = Debug|Win32
		{A1A42640-D3B1-4C7D-A815-2DE8CA1EA298}.Debug|x86.Build.0 = Debug|Win32
		{A1A42640-D3B1-4C7D-A815-2DE8CA1EA298}.Release|x64.ActiveCfg = Release|x64
		{A1A42640-D3B1-4C7D-A815-2DE8CA1EA298}.Release|x64.Build.0 = Release|x64
		{A1A42640-D3B1-4C7D-A815-2DE8CA1EA298}.Release|x86.ActiveCfg = Release|Win32
		{A1A42640-D3B1-4C7D-A815-2DE8CA1EA298}.Release|x86.Build.0 = Release|Win32
	EndGlobalSection
	GlobalSection(SolutionProperties) = preSolution
		HideSolutionNode = FALSE
	EndGlobalSection
	GlobalSection(ExtensibilityGlobals) = postSolution
		SolutionGuid = {5235DE51-E9B0-48D2-A783-01706330A7C8}
	EndGlobalSection
EndGlobal
